
Microsoft Visual Studio Solution File, Format Version 12.00
# Visual Studio Version 17
VisualStudioVersion = 17.8.34330.188
MinimumVisualStudioVersion = 10.0.40219.1
Project("{FAE04EC0-301F-11D3-BF4B-00C04F79EFBC}") = "productApi", "productApi.csproj", "{DB293561-09EB-4990-80D5-4DC76515C880}"
EndProject
Global
	GlobalSection(SolutionConfigurationPlatforms) = preSolution
		Debug|Any CPU = Debug|Any CPU
		Release|Any CPU = Release|Any CPU
	EndGlobalSection
	GlobalSection(ProjectConfigurationPlatforms) = postSolution
		{DB293561-09EB-4990-80D5-4DC76515C880}.Debug|Any CPU.ActiveCfg = Debug|Any CPU
		{DB293561-09EB-4990-80D5-4DC76515C880}.Debug|Any CPU.Build.0 = Debug|Any CPU
		{DB293561-09EB-4990-80D5-4DC76515C880}.Release|Any CPU.ActiveCfg = Release|Any CPU
		{DB293561-09EB-4990-80D5-4DC76515C880}.Release|Any CPU.Build.0 = Release|Any CPU
	EndGlobalSection
	GlobalSection(SolutionProperties) = preSolution
		HideSolutionNode = FALSE
	EndGlobalSection
	GlobalSection(ExtensibilityGlobals) = postSolution
		SolutionGuid = {BC0FBECC-846C-40EB-A5FA-36D9E5CC2BF5}
	EndGlobalSection
EndGlobal
